
Microsoft Visual Studio Solution File, Format Version 12.00
# Visual Studio 14
VisualStudioVersion = 14.0.24720.0
MinimumVisualStudioVersion = 10.0.40219.1
Project("{888888A0-9F3D-457C-B088-3A5042F75D52}") = "SCGForestWorld", "SCGForestWorld\SCGForestWorld.pyproj", "{B02731A0-6D8D-43F0-A428-E4AE321649E5}"
EndProject
Project("{888888A0-9F3D-457C-B088-3A5042F75D52}") = "SementicContentGenerator", "..\SementicContentGenerator\SementicContentGenerator.pyproj", "{E97C2C18-8E7D-47EF-B401-D2E72CF8AF81}"
EndProject
Global
	GlobalSection(SolutionConfigurationPlatforms) = preSolution
		Debug|Any CPU = Debug|Any CPU
		Release|Any CPU = Release|Any CPU
	EndGlobalSection
	GlobalSection(ProjectConfigurationPlatforms) = postSolution
		{B02731A0-6D8D-43F0-A428-E4AE321649E5}.Debug|Any CPU.ActiveCfg = Debug|Any CPU
		{B02731A0-6D8D-43F0-A428-E4AE321649E5}.Release|Any CPU.ActiveCfg = Release|Any CPU
		{E97C2C18-8E7D-47EF-B401-D2E72CF8AF81}.Debug|Any CPU.ActiveCfg = Debug|Any CPU
		{E97C2C18-8E7D-47EF-B401-D2E72CF8AF81}.Release|Any CPU.ActiveCfg = Release|Any CPU
	EndGlobalSection
	GlobalSection(SolutionProperties) = preSolution
		HideSolutionNode = FALSE
	EndGlobalSection
EndGlobal
